
Microsoft Visual Studio Solution File, Format Version 12.00
# Visual Studio 15
VisualStudioVersion = 15.0.27703.2035
MinimumVisualStudioVersion = 10.0.40219.1
Project("{9A19103F-16F7-4668-BE54-9A1E7A4F7556}") = "IdentityProvider", "IdentityProvider\IdentityProvider.csproj", "{8F86DA46-E539-4D22-AF4B-1304B94225C6}"
EndProject
Project("{9A19103F-16F7-4668-BE54-9A1E7A4F7556}") = "IdentityProvider.Domain", "IdentityProvider.Domain\IdentityProvider.Domain.csproj", "{1F315B6E-2C10-4372-B60F-77891D5F3199}"
EndProject
Project("{9A19103F-16F7-4668-BE54-9A1E7A4F7556}") = "IdentityProvider.Infra", "IdentityProvider.Infra\IdentityProvider.Infra.csproj", "{64A520F5-C294-4AFE-8844-74A596347D78}"
EndProject
Project("{FAE04EC0-301F-11D3-BF4B-00C04F79EFBC}") = "IdentityProvider.Bus", "IdentityProvider.Bus\IdentityProvider.Bus.csproj", "{8DF93D61-706A-4E87-8FAA-27587ED032A4}"
EndProject
Global
	GlobalSection(SolutionConfigurationPlatforms) = preSolution
		Debug|Any CPU = Debug|Any CPU
		Release|Any CPU = Release|Any CPU
	EndGlobalSection
	GlobalSection(ProjectConfigurationPlatforms) = postSolution
		{8F86DA46-E539-4D22-AF4B-1304B94225C6}.Debug|Any CPU.ActiveCfg = Debug|Any CPU
		{8F86DA46-E539-4D22-AF4B-1304B94225C6}.Debug|Any CPU.Build.0 = Debug|Any CPU
		{8F86DA46-E539-4D22-AF4B-1304B94225C6}.Release|Any CPU.ActiveCfg = Release|Any CPU
		{8F86DA46-E539-4D22-AF4B-1304B94225C6}.Release|Any CPU.Build.0 = Release|Any CPU
		{1F315B6E-2C10-4372-B60F-77891D5F3199}.Debug|Any CPU.ActiveCfg = Debug|Any CPU
		{1F315B6E-2C10-4372-B60F-77891D5F3199}.Debug|Any CPU.Build.0 = Debug|Any CPU
		{1F315B6E-2C10-4372-B60F-77891D5F3199}.Release|Any CPU.ActiveCfg = Release|Any CPU
		{1F315B6E-2C10-4372-B60F-77891D5F3199}.Release|Any CPU.Build.0 = Release|Any CPU
		{64A520F5-C294-4AFE-8844-74A596347D78}.Debug|Any CPU.ActiveCfg = Debug|Any CPU
		{64A520F5-C294-4AFE-8844-74A596347D78}.Debug|Any CPU.Build.0 = Debug|Any CPU
		{64A520F5-C294-4AFE-8844-74A596347D78}.Release|Any CPU.ActiveCfg = Release|Any CPU
		{64A520F5-C294-4AFE-8844-74A596347D78}.Release|Any CPU.Build.0 = Release|Any CPU
		{8DF93D61-706A-4E87-8FAA-27587ED032A4}.Debug|Any CPU.ActiveCfg = Debug|Any CPU
		{8DF93D61-706A-4E87-8FAA-27587ED032A4}.Debug|Any CPU.Build.0 = Debug|Any CPU
		{8DF93D61-706A-4E87-8FAA-27587ED032A4}.Release|Any CPU.ActiveCfg = Release|Any CPU
		{8DF93D61-706A-4E87-8FAA-27587ED032A4}.Release|Any CPU.Build.0 = Release|Any CPU
	EndGlobalSection
	GlobalSection(SolutionProperties) = preSolution
		HideSolutionNode = FALSE
	EndGlobalSection
	GlobalSection(ExtensibilityGlobals) = postSolution
		SolutionGuid = {E613CE26-4AE7-4766-B5B5-0525FA43A9E3}
	EndGlobalSection
EndGlobal
